
Microsoft Visual Studio Solution File, Format Version 12.00
# Visual Studio Version 16
VisualStudioVersion = 16.0.29418.71
MinimumVisualStudioVersion = 10.0.40219.1
Project("{F184B08F-C81C-45F6-A57F-5ABD9991F28F}") = "Anticheat", "Anticheat\Anticheat.vbproj", "{581ADEC3-A585-450D-8717-5F9B1AEEF70C}"
EndProject
Global
	GlobalSection(SolutionConfigurationPlatforms) = preSolution
		Debug|Any CPU = Debug|Any CPU
		Release|Any CPU = Release|Any CPU
	EndGlobalSection
	GlobalSection(ProjectConfigurationPlatforms) = postSolution
		{581ADEC3-A585-450D-8717-5F9B1AEEF70C}.Debug|Any CPU.ActiveCfg = Debug|Any CPU
		{581ADEC3-A585-450D-8717-5F9B1AEEF70C}.Debug|Any CPU.Build.0 = Debug|Any CPU
		{581ADEC3-A585-450D-8717-5F9B1AEEF70C}.Release|Any CPU.ActiveCfg = Release|Any CPU
		{581ADEC3-A585-450D-8717-5F9B1AEEF70C}.Release|Any CPU.Build.0 = Release|Any CPU
	EndGlobalSection
	GlobalSection(SolutionProperties) = preSolution
		HideSolutionNode = FALSE
	EndGlobalSection
	GlobalSection(ExtensibilityGlobals) = postSolution
		SolutionGuid = {03A6EC70-FA78-4271-99CA-2EBC1EEBFB85}
	EndGlobalSection
EndGlobal
